
Microsoft Visual Studio Solution File, Format Version 12.00
# Visual Studio Version 16
VisualStudioVersion = 16.0.32002.261
MinimumVisualStudioVersion = 10.0.40219.1
Project("{FAE04EC0-301F-11D3-BF4B-00C04F79EFBC}") = "22-03-22 properties ex 2", "22-03-22 properties ex 2\22-03-22 properties ex 2.csproj", "{82ABA858-7D86-4F77-9E77-66FD3FCDDEAB}"
EndProject
Global
	GlobalSection(SolutionConfigurationPlatforms) = preSolution
		Debug|Any CPU = Debug|Any CPU
		Release|Any CPU = Release|Any CPU
	EndGlobalSection
	GlobalSection(ProjectConfigurationPlatforms) = postSolution
		{82ABA858-7D86-4F77-9E77-66FD3FCDDEAB}.Debug|Any CPU.ActiveCfg = Debug|Any CPU
		{82ABA858-7D86-4F77-9E77-66FD3FCDDEAB}.Debug|Any CPU.Build.0 = Debug|Any CPU
		{82ABA858-7D86-4F77-9E77-66FD3FCDDEAB}.Release|Any CPU.ActiveCfg = Release|Any CPU
		{82ABA858-7D86-4F77-9E77-66FD3FCDDEAB}.Release|Any CPU.Build.0 = Release|Any CPU
	EndGlobalSection
	GlobalSection(SolutionProperties) = preSolution
		HideSolutionNode = FALSE
	EndGlobalSection
	GlobalSection(ExtensibilityGlobals) = postSolution
		SolutionGuid = {45C61D63-CA7A-45AE-A660-8C7488CA5CBD}
	EndGlobalSection
EndGlobal
